<?xml version="1.0" encoding="utf-8"?>
<Project ToolsVersion="4.0" xmlns="http://schemas.microsoft.com/developer/msbuild/2003">
  <ItemGroup>
    <Filter Include="server">
      <UniqueIdentifier>{c74b22b0-10e2-46bf-abd5-c675d49874ee}</UniqueIdentifier>
    </Filter>
    <Filter Include="snappy">
      <UniqueIdentifier>{1203464a-acaf-47c0-837a-9f32f1d7e78b}</UniqueIdentifier>
    </Filter>
  </ItemGroup>
  <ItemGroup>
    <ClInclude Include="targetver.h">
      <Filter>server</Filter>
    </ClInclude>
    <ClInclude Include="stdafx.h">
      <Filter>server</Filter>
    </ClInclude>
    <ClInclude Include="server.hpp">
      <Filter>server</Filter>
    </ClInclude>
    <ClInclude Include="mongoose.h">
      <Filter>server</Filter>
    </ClInclude>
    <ClInclude Include="filesystem.hpp">
      <Filter>server</Filter>
    </ClInclude>
    <ClInclude Include="..\snappy-stubs-public.h">
      <Filter>snappy</Filter>
    </ClInclude>
    <ClInclude Include="gui.hpp">
      <Filter>server</Filter>
    </ClInclude>
    <ClInclude Include="keyrequester.hpp">
      <Filter>server</Filter>
    </ClInclude>
  </ItemGroup>
  <ItemGroup>
    <ClCompile Include="stdafx.cpp">
      <Filter>server</Filter>
    </ClCompile>
    <ClCompile Include="server.cpp">
      <Filter>server</Filter>
    </ClCompile>
    <ClCompile Include="mongoose.c">
      <Filter>server</Filter>
    </ClCompile>
    <ClCompile Include="filesystem.cpp">
      <Filter>server</Filter>
    </ClCompile>
    <ClCompile Include="..\snappy\snappy.cc">
      <Filter>snappy</Filter>
    </ClCompile>
    <ClCompile Include="..\snappy\snappy-c.cc">
      <Filter>snappy</Filter>
    </ClCompile>
    <ClCompile Include="..\snappy\snappy-sinksource.cc">
      <Filter>snappy</Filter>
    </ClCompile>
    <ClCompile Include="..\snappy\snappy-stubs-internal.cc">
      <Filter>snappy</Filter>
    </ClCompile>
    <ClCompile Include="main.cpp">
      <Filter>server</Filter>
    </ClCompile>
    <ClCompile Include="utils.cpp">
      <Filter>server</Filter>
    </ClCompile>
    <ClCompile Include="gui.cpp">
      <Filter>server</Filter>
    </ClCompile>
    <ClCompile Include="keyrequester.cpp">
      <Filter>server</Filter>
    </ClCompile>
  </ItemGroup>
</Project>