<?xml version="1.0" encoding="utf-8"?>
<Project ToolsVersion="4.0" xmlns="http://schemas.microsoft.com/developer/msbuild/2003">
  <ItemGroup>
    <Filter Include="packer">
      <UniqueIdentifier>{93995380-89BD-4b04-88EB-625FBE52EBFB}</UniqueIdentifier>
      <Extensions>h;hh;hpp;hxx;hm;inl;inc;xsd</Extensions>
    </Filter>
    <Filter Include="snappy">
      <UniqueIdentifier>{c6b6c655-62c8-415f-a414-2c83f1d75290}</UniqueIdentifier>
    </Filter>
  </ItemGroup>
  <ItemGroup>
    <ClInclude Include="stdafx.h">
      <Filter>packer</Filter>
    </ClInclude>
    <ClInclude Include="targetver.h">
      <Filter>packer</Filter>
    </ClInclude>
    <ClInclude Include="..\snappy-stubs-public.h">
      <Filter>snappy</Filter>
    </ClInclude>
  </ItemGroup>
  <ItemGroup>
    <ClCompile Include="stdafx.cpp">
      <Filter>packer</Filter>
    </ClCompile>
    <ClCompile Include="packer.cpp">
      <Filter>packer</Filter>
    </ClCompile>
    <ClCompile Include="..\snappy\snappy.cc">
      <Filter>snappy</Filter>
    </ClCompile>
    <ClCompile Include="..\snappy\snappy-c.cc">
      <Filter>snappy</Filter>
    </ClCompile>
    <ClCompile Include="..\snappy\snappy-sinksource.cc">
      <Filter>snappy</Filter>
    </ClCompile>
    <ClCompile Include="..\snappy\snappy-stubs-internal.cc">
      <Filter>snappy</Filter>
    </ClCompile>
  </ItemGroup>
</Project>